
Microsoft Visual Studio Solution File, Format Version 12.00
# Visual Studio Version 17
VisualStudioVersion = 17.3.32825.248
MinimumVisualStudioVersion = 10.0.40219.1
Project("{9A19103F-16F7-4668-BE54-9A1E7A4F7556}") = "CommandHandlersMapping", "CommandHandlersMapping\CommandHandlersMapping.csproj", "{0984125B-27A9-4F79-A334-93B0857E8E11}"
EndProject
Project("{FAE04EC0-301F-11D3-BF4B-00C04F79EFBC}") = "Handlers.Api", "Handlers.Api\Handlers.Api.csproj", "{E8F1FC50-1D8D-475F-AFCF-2D256C5929F5}"
EndProject
Global
	GlobalSection(SolutionConfigurationPlatforms) = preSolution
		Debug|Any CPU = Debug|Any CPU
		Release|Any CPU = Release|Any CPU
	EndGlobalSection
	GlobalSection(ProjectConfigurationPlatforms) = postSolution
		{0984125B-27A9-4F79-A334-93B0857E8E11}.Debug|Any CPU.ActiveCfg = Debug|Any CPU
		{0984125B-27A9-4F79-A334-93B0857E8E11}.Debug|Any CPU.Build.0 = Debug|Any CPU
		{0984125B-27A9-4F79-A334-93B0857E8E11}.Release|Any CPU.ActiveCfg = Release|Any CPU
		{0984125B-27A9-4F79-A334-93B0857E8E11}.Release|Any CPU.Build.0 = Release|Any CPU
		{E8F1FC50-1D8D-475F-AFCF-2D256C5929F5}.Debug|Any CPU.ActiveCfg = Debug|Any CPU
		{E8F1FC50-1D8D-475F-AFCF-2D256C5929F5}.Debug|Any CPU.Build.0 = Debug|Any CPU
		{E8F1FC50-1D8D-475F-AFCF-2D256C5929F5}.Release|Any CPU.ActiveCfg = Release|Any CPU
		{E8F1FC50-1D8D-475F-AFCF-2D256C5929F5}.Release|Any CPU.Build.0 = Release|Any CPU
	EndGlobalSection
	GlobalSection(SolutionProperties) = preSolution
		HideSolutionNode = FALSE
	EndGlobalSection
	GlobalSection(ExtensibilityGlobals) = postSolution
		SolutionGuid = {14EFFBA9-8863-43C1-B5E4-8ADA30793708}
	EndGlobalSection
EndGlobal
